DEPENDENCIES
  elasticsearch (~> 3.0.5)
  java
  logstash (~> 0.12.0)
  overstat_elk
    path: .
    metadata: true
  yum-epel

GRAPH
  ant (1.0.4)
    ark (>= 0.0.0)
  apt (6.0.1)
  ark (3.0.0)
    build-essential (>= 0.0.0)
    seven_zip (>= 0.0.0)
    windows (>= 0.0.0)
  beaver (1.7.0)
    apt (>= 0.0.0)
    poise-python (>= 0.0.0)
  build-essential (8.0.0)
    mingw (>= 1.1)
    seven_zip (>= 0.0.0)
  chef-sugar (3.4.0)
  compat_resource (12.16.3)
  curl (2.0.3)
  dmg (3.1.1)
  elasticsearch (3.0.5)
    apt (>= 0.0.0)
    ark (>= 0.0.0)
    chef-sugar (>= 0.0.0)
    yum (>= 0.0.0)
  git (6.0.0)
    build-essential (>= 0.0.0)
    dmg (>= 0.0.0)
    yum-epel (>= 0.0.0)
  homebrew (3.0.0)
  java (1.48.0)
    apt (>= 0.0.0)
    homebrew (>= 0.0.0)
    windows (>= 0.0.0)
  logrotate (2.1.0)
    compat_resource (>= 0.0.0)
  logstash (0.12.0)
    ant (>= 0.0.0)
    apt (>= 0.0.0)
    ark (>= 0.0.0)
    beaver (>= 0.0.0)
    build-essential (>= 0.0.0)
    curl (>= 0.0.0)
    elasticsearch (>= 0.0.0)
    git (>= 0.0.0)
    java (>= 0.0.0)
    logrotate (>= 0.0.0)
    python (>= 0.0.0)
    runit (>= 0.0.0)
  mingw (2.0.0)
    seven_zip (>= 0.0.0)
  ohai (5.0.3)
  overstat_elk (0.2.0)
    elasticsearch (>= 0.0.0)
    java (>= 0.0.0)
    logstash (>= 0.0.0)
    yum-epel (>= 0.0.0)
  packagecloud (0.3.0)
  poise (2.7.2)
  poise-archive (1.5.0)
    poise (~> 2.6)
  poise-languages (2.1.0)
    poise (~> 2.5)
    poise-archive (~> 1.0)
  poise-python (1.6.0)
    poise (~> 2.7)
    poise-languages (~> 2.0)
  python (1.4.6)
    build-essential (>= 0.0.0)
    yum-epel (>= 0.0.0)
  runit (3.0.5)
    packagecloud (>= 0.0.0)
    yum-epel (>= 0.0.0)
  seven_zip (2.0.2)
    windows (>= 1.2.2)
  windows (3.0.5)
    ohai (>= 4.0.0)
  yum (5.0.1)
  yum-epel (2.1.1)
    compat_resource (>= 12.16.3)
